
Microsoft Visual Studio Solution File, Format Version 12.00
# Visual Studio Version 17
VisualStudioVersion = 17.0.31919.166
MinimumVisualStudioVersion = 10.0.40219.1
Project("{9A19103F-16F7-4668-BE54-9A1E7A4F7556}") = "View", "View\View.csproj", "{E589214F-8C08-4454-B74A-1C8A0919AD5C}"
EndProject
Project("{FAE04EC0-301F-11D3-BF4B-00C04F79EFBC}") = "Model", "Model\Model.csproj", "{F0C93EF4-556A-42AE-B6F6-59122EDEFE0C}"
EndProject
Project("{FAE04EC0-301F-11D3-BF4B-00C04F79EFBC}") = "ViewModel", "ViewModel\ViewModel.csproj", "{2F41CAAB-4FFC-4189-816E-DD5B30806577}"
EndProject
Global
	GlobalSection(SolutionConfigurationPlatforms) = preSolution
		Debug|Any CPU = Debug|Any CPU
		Release|Any CPU = Release|Any CPU
	EndGlobalSection
	GlobalSection(ProjectConfigurationPlatforms) = postSolution
		{E589214F-8C08-4454-B74A-1C8A0919AD5C}.Debug|Any CPU.ActiveCfg = Debug|Any CPU
		{E589214F-8C08-4454-B74A-1C8A0919AD5C}.Debug|Any CPU.Build.0 = Debug|Any CPU
		{E589214F-8C08-4454-B74A-1C8A0919AD5C}.Release|Any CPU.ActiveCfg = Release|Any CPU
		{E589214F-8C08-4454-B74A-1C8A0919AD5C}.Release|Any CPU.Build.0 = Release|Any CPU
		{F0C93EF4-556A-42AE-B6F6-59122EDEFE0C}.Debug|Any CPU.ActiveCfg = Debug|Any CPU
		{F0C93EF4-556A-42AE-B6F6-59122EDEFE0C}.Debug|Any CPU.Build.0 = Debug|Any CPU
		{F0C93EF4-556A-42AE-B6F6-59122EDEFE0C}.Release|Any CPU.ActiveCfg = Release|Any CPU
		{F0C93EF4-556A-42AE-B6F6-59122EDEFE0C}.Release|Any CPU.Build.0 = Release|Any CPU
		{2F41CAAB-4FFC-4189-816E-DD5B30806577}.Debug|Any CPU.ActiveCfg = Debug|Any CPU
		{2F41CAAB-4FFC-4189-816E-DD5B30806577}.Debug|Any CPU.Build.0 = Debug|Any CPU
		{2F41CAAB-4FFC-4189-816E-DD5B30806577}.Release|Any CPU.ActiveCfg = Release|Any CPU
		{2F41CAAB-4FFC-4189-816E-DD5B30806577}.Release|Any CPU.Build.0 = Release|Any CPU
	EndGlobalSection
	GlobalSection(SolutionProperties) = preSolution
		HideSolutionNode = FALSE
	EndGlobalSection
	GlobalSection(ExtensibilityGlobals) = postSolution
		SolutionGuid = {C6D5DFD7-A724-4FC5-A9DE-AE81DB6ECF81}
	EndGlobalSection
EndGlobal
